
Microsoft Visual Studio Solution File, Format Version 12.00
# Visual Studio Version 17
VisualStudioVersion = 17.7.34031.279
MinimumVisualStudioVersion = 10.0.40219.1
Project("{9A19103F-16F7-4668-BE54-9A1E7A4F7556}") = "BlogApplicationWebAPI", "BlogApplicationWebAPI\BlogApplicationWebAPI.csproj", "{BAE402E6-EEB7-4C99-90FF-2AE670F6B42C}"
EndProject
Global
	GlobalSection(SolutionConfigurationPlatforms) = preSolution
		Debug|Any CPU = Debug|Any CPU
		Release|Any CPU = Release|Any CPU
	EndGlobalSection
	GlobalSection(ProjectConfigurationPlatforms) = postSolution
		{BAE402E6-EEB7-4C99-90FF-2AE670F6B42C}.Debug|Any CPU.ActiveCfg = Debug|Any CPU
		{BAE402E6-EEB7-4C99-90FF-2AE670F6B42C}.Debug|Any CPU.Build.0 = Debug|Any CPU
		{BAE402E6-EEB7-4C99-90FF-2AE670F6B42C}.Release|Any CPU.ActiveCfg = Release|Any CPU
		{BAE402E6-EEB7-4C99-90FF-2AE670F6B42C}.Release|Any CPU.Build.0 = Release|Any CPU
	EndGlobalSection
	GlobalSection(SolutionProperties) = preSolution
		HideSolutionNode = FALSE
	EndGlobalSection
	GlobalSection(ExtensibilityGlobals) = postSolution
		SolutionGuid = {EE166F94-78CD-4826-A9F9-E86CC87AB03B}
	EndGlobalSection
EndGlobal
